
Microsoft Visual Studio Solution File, Format Version 12.00
# Visual Studio 15
VisualStudioVersion = 15.0.27004.2002
MinimumVisualStudioVersion = 10.0.40219.1
Project("{FAE04EC0-301F-11D3-BF4B-00C04F79EFBC}") = "Fantasy.API.Service", "Fantasy.API.Service\Fantasy.API.Service.csproj", "{7B4A9412-25AE-44D8-B76F-44FD1CA37D81}"
EndProject
Project("{FAE04EC0-301F-11D3-BF4B-00C04F79EFBC}") = "Fantasy.API.Service.Tests", "Fantasy.API.Service.Tests\Fantasy.API.Service.Tests.csproj", "{46E08FB7-3599-41B9-B397-D928A81AB87A}"
EndProject
Project("{2150E333-8FDC-42A3-9474-1A3956D46DE8}") = ".nuget", ".nuget", "{6B8651D8-B372-4135-B543-C1767BFC97FC}"
	ProjectSection(SolutionItems) = preProject
		.nuget\NuGet.Config = .nuget\NuGet.Config
		.nuget\NuGet.exe = .nuget\NuGet.exe
		.nuget\NuGet.targets = .nuget\NuGet.targets
	EndProjectSection
EndProject
Global
	GlobalSection(SolutionConfigurationPlatforms) = preSolution
		Debug|Any CPU = Debug|Any CPU
		Release|Any CPU = Release|Any CPU
	EndGlobalSection
	GlobalSection(ProjectConfigurationPlatforms) = postSolution
		{7B4A9412-25AE-44D8-B76F-44FD1CA37D81}.Debug|Any CPU.ActiveCfg = Debug|Any CPU
		{7B4A9412-25AE-44D8-B76F-44FD1CA37D81}.Debug|Any CPU.Build.0 = Debug|Any CPU
		{7B4A9412-25AE-44D8-B76F-44FD1CA37D81}.Release|Any CPU.ActiveCfg = Release|Any CPU
		{7B4A9412-25AE-44D8-B76F-44FD1CA37D81}.Release|Any CPU.Build.0 = Release|Any CPU
		{46E08FB7-3599-41B9-B397-D928A81AB87A}.Debug|Any CPU.ActiveCfg = Debug|Any CPU
		{46E08FB7-3599-41B9-B397-D928A81AB87A}.Debug|Any CPU.Build.0 = Debug|Any CPU
		{46E08FB7-3599-41B9-B397-D928A81AB87A}.Release|Any CPU.ActiveCfg = Release|Any CPU
		{46E08FB7-3599-41B9-B397-D928A81AB87A}.Release|Any CPU.Build.0 = Release|Any CPU
	EndGlobalSection
	GlobalSection(SolutionProperties) = preSolution
		HideSolutionNode = FALSE
	EndGlobalSection
	GlobalSection(ExtensibilityGlobals) = postSolution
		SolutionGuid = {E5C114EF-FE3D-45D5-817B-4720E2A7BF90}
	EndGlobalSection
EndGlobal
